{
  "schema": "pixz/lock/1",
  "channel": "pinned",
  "created_at": "2026-09-22T15:15:52+00:00",
  "pinned_at": "2026-09-22T15:15:52+00:00",
  "pinned_by": "release 2.5.0 snapshot (full registry)",
  "skills": {
    "pixz.core.orchestrator": "2.2.0",
    "pixz.core.planning": "2.1.0",
    "pixz.core.context-engineering": "2.1.0",
    "pixz.core.environment-awareness": "2.1.0",
    "pixz.core.capability-discovery": "2.1.0",
    "pixz.core.workflow-continuity": "2.1.0",
    "pixz.core.delegation-handoff": "2.1.0",
    "pixz.core.epistemic-reasoning": "2.1.0",
    "pixz.core.epistemic-challenger": "2.1.0",
    "pixz.core.verification": "2.2.0",
    "pixz.core.change-safety": "2.1.0",
    "pixz.core.replanning": "2.1.0",
    "pixz.core.quality-gate": "2.1.0",
    "pixz.quality.anti-ai-slop": "2.1.0",
    "pixz.engineering.api-design": "1.2.0",
    "pixz.engineering.system-design": "1.2.0",
    "pixz.security.review": "1.2.0",
    "pixz.security.threat-modeling": "1.2.0",
    "pixz.design.uiux": "1.2.0",
    "pixz.design.design-system": "1.2.0",
    "pixz.frontend.react": "1.2.0",
    "pixz.frontend.accessibility": "1.2.0",
    "pixz.motion.gsap": "1.2.0",
    "pixz.motion.remotion": "1.2.0",
    "pixz.devops.docker": "1.2.0",
    "pixz.devops.kubernetes": "1.2.0",
    "pixz.ai.rag": "1.2.0",
    "pixz.ai.agent-design": "1.2.0",
    "pixz.core.self-learning": "2.2.0",
    "pixz.core.mcp": "1.1.0",
    "pixz.motion.framer-motion": "1.0.0",
    "pixz.frontend.ui-ux-pro": "1.0.0",
    "pixz.design.project-adapt": "1.0.0",
    "pixz.core.repro": "1.0.0",
    "pixz.security.commit-hygiene": "1.0.0"
  }
}
